
Microsoft Visual Studio Solution File, Format Version 12.00
# Visual Studio Version 17
VisualStudioVersion = 17.13.35931.197 d17.13
MinimumVisualStudioVersion = 10.0.40219.1
Project("{FAE04EC0-301F-11D3-BF4B-00C04F79EFBC}") = "CoHabit.API", "CoHabit.API.csproj", "{77734D84-A703-4660-AAC2-021DDB2C78F5}"
EndProject
Global
	GlobalSection(SolutionConfigurationPlatforms) = preSolution
		Debug|Any CPU = Debug|Any CPU
		Release|Any CPU = Release|Any CPU
	EndGlobalSection
	GlobalSection(ProjectConfigurationPlatforms) = postSolution
		{77734D84-A703-4660-AAC2-021DDB2C78F5}.Debug|Any CPU.ActiveCfg = Debug|Any CPU
		{77734D84-A703-4660-AAC2-021DDB2C78F5}.Debug|Any CPU.Build.0 = Debug|Any CPU
		{77734D84-A703-4660-AAC2-021DDB2C78F5}.Release|Any CPU.ActiveCfg = Release|Any CPU
		{77734D84-A703-4660-AAC2-021DDB2C78F5}.Release|Any CPU.Build.0 = Release|Any CPU
	EndGlobalSection
	GlobalSection(SolutionProperties) = preSolution
		HideSolutionNode = FALSE
	EndGlobalSection
	GlobalSection(ExtensibilityGlobals) = postSolution
		SolutionGuid = {3C79FC68-3C4B-4D94-BD46-B08CBDD5018F}
	EndGlobalSection
EndGlobal
